
Microsoft Visual Studio Solution File, Format Version 12.00
# Visual Studio Version 17
VisualStudioVersion = 17.10.35122.118
MinimumVisualStudioVersion = 10.0.40219.1
Project("{FAE04EC0-301F-11D3-BF4B-00C04F79EFBC}") = "Klo.GestionDeportiva.Presentacion.Web", "Klo.GestionDeportiva.Presentacion.Web\Klo.GestionDeportiva.Presentacion.Web.csproj", "{52A4AFBD-5AC7-4E0A-82AC-AC3ED8DAA068}"
EndProject
Project("{9A19103F-16F7-4668-BE54-9A1E7A4F7556}") = "Klo.GestionDeportiva.Modelo.Entidad", "Klo.GestionDeportiva.Modelo.Entidad\Klo.GestionDeportiva.Modelo.Entidad.csproj", "{F47CCD35-EA32-4E66-A871-EE7AB0B4B8B3}"
EndProject
Project("{9A19103F-16F7-4668-BE54-9A1E7A4F7556}") = "Klo.GestionDeportiva.Modelo.AccesoDatos", "Klo.GestionDeportiva.Modelo.AccesoDatos\Klo.GestionDeportiva.Modelo.AccesoDatos.csproj", "{A872DAE6-665C-4577-B414-3081CD84AE72}"
EndProject
Global
	GlobalSection(SolutionConfigurationPlatforms) = preSolution
		Debug|Any CPU = Debug|Any CPU
		Release|Any CPU = Release|Any CPU
	EndGlobalSection
	GlobalSection(ProjectConfigurationPlatforms) = postSolution
		{52A4AFBD-5AC7-4E0A-82AC-AC3ED8DAA068}.Debug|Any CPU.ActiveCfg = Debug|Any CPU
		{52A4AFBD-5AC7-4E0A-82AC-AC3ED8DAA068}.Debug|Any CPU.Build.0 = Debug|Any CPU
		{52A4AFBD-5AC7-4E0A-82AC-AC3ED8DAA068}.Release|Any CPU.ActiveCfg = Release|Any CPU
		{52A4AFBD-5AC7-4E0A-82AC-AC3ED8DAA068}.Release|Any CPU.Build.0 = Release|Any CPU
		{F47CCD35-EA32-4E66-A871-EE7AB0B4B8B3}.Debug|Any CPU.ActiveCfg = Debug|Any CPU
		{F47CCD35-EA32-4E66-A871-EE7AB0B4B8B3}.Debug|Any CPU.Build.0 = Debug|Any CPU
		{F47CCD35-EA32-4E66-A871-EE7AB0B4B8B3}.Release|Any CPU.ActiveCfg = Release|Any CPU
		{F47CCD35-EA32-4E66-A871-EE7AB0B4B8B3}.Release|Any CPU.Build.0 = Release|Any CPU
		{A872DAE6-665C-4577-B414-3081CD84AE72}.Debug|Any CPU.ActiveCfg = Debug|Any CPU
		{A872DAE6-665C-4577-B414-3081CD84AE72}.Debug|Any CPU.Build.0 = Debug|Any CPU
		{A872DAE6-665C-4577-B414-3081CD84AE72}.Release|Any CPU.ActiveCfg = Release|Any CPU
		{A872DAE6-665C-4577-B414-3081CD84AE72}.Release|Any CPU.Build.0 = Release|Any CPU
	EndGlobalSection
	GlobalSection(SolutionProperties) = preSolution
		HideSolutionNode = FALSE
	EndGlobalSection
	GlobalSection(ExtensibilityGlobals) = postSolution
		SolutionGuid = {77C5C63E-150F-4962-A62D-BC4A068E48D7}
	EndGlobalSection
EndGlobal
