
Microsoft Visual Studio Solution File, Format Version 12.00
# Visual Studio Version 17
VisualStudioVersion = 17.10.35122.118
MinimumVisualStudioVersion = 10.0.40219.1
Project("{FAE04EC0-301F-11D3-BF4B-00C04F79EFBC}") = "Klo.GestionDeportiva.Presentacion.Web", "Klo.GestionDeportiva.Presentacion.Web.csproj", "{5F8861A8-92C1-41E7-8045-819F0D3E9D2B}"
EndProject
Project("{FAE04EC0-301F-11D3-BF4B-00C04F79EFBC}") = "Klo.GestionDeportiva.Modelo.AccesoDatos", "..\Klo.GestionDeportiva.Modelo.AccesoDatos\Klo.GestionDeportiva.Modelo.AccesoDatos.csproj", "{F67818CB-5079-4651-9C01-2413AFD2F397}"
EndProject
Global
	GlobalSection(SolutionConfigurationPlatforms) = preSolution
		Debug|Any CPU = Debug|Any CPU
		Release|Any CPU = Release|Any CPU
	EndGlobalSection
	GlobalSection(ProjectConfigurationPlatforms) = postSolution
		{5F8861A8-92C1-41E7-8045-819F0D3E9D2B}.Debug|Any CPU.ActiveCfg = Debug|Any CPU
		{5F8861A8-92C1-41E7-8045-819F0D3E9D2B}.Debug|Any CPU.Build.0 = Debug|Any CPU
		{5F8861A8-92C1-41E7-8045-819F0D3E9D2B}.Release|Any CPU.ActiveCfg = Release|Any CPU
		{5F8861A8-92C1-41E7-8045-819F0D3E9D2B}.Release|Any CPU.Build.0 = Release|Any CPU
		{F67818CB-5079-4651-9C01-2413AFD2F397}.Debug|Any CPU.ActiveCfg = Debug|Any CPU
		{F67818CB-5079-4651-9C01-2413AFD2F397}.Debug|Any CPU.Build.0 = Debug|Any CPU
		{F67818CB-5079-4651-9C01-2413AFD2F397}.Release|Any CPU.ActiveCfg = Release|Any CPU
		{F67818CB-5079-4651-9C01-2413AFD2F397}.Release|Any CPU.Build.0 = Release|Any CPU
	EndGlobalSection
	GlobalSection(SolutionProperties) = preSolution
		HideSolutionNode = FALSE
	EndGlobalSection
	GlobalSection(ExtensibilityGlobals) = postSolution
		SolutionGuid = {BC3A818C-9D97-4914-A0A1-76195B4FF157}
	EndGlobalSection
EndGlobal
